// !$*UTF8*$!
{
	archiveVersion = 1;
	classes = {
	};
	objectVersion = 77;
	objects = {

/* Begin PBXContainerItemProxy section */
		3B0CB4DC2FD23F2000D8E3A5 /* PBXContainerItemProxy */ = {
			isa = PBXContainerItemProxy;
			containerPortal = 3B0CB4C32FD23F1E00D8E3A5 /* Project object */;
			proxyType = 1;
			remoteGlobalIDString = 3B0CB4CA2FD23F1E00D8E3A5;
			remoteInfo = Mai;
		};
		3B0CB4E62FD23F2000D8E3A5 /* PBXContainerItemProxy */ = {
			isa = PBXContainerItemProxy;
			containerPortal = 3B0CB4C32FD23F1E00D8E3A5 /* Project object */;
			proxyType = 1;
			remoteGlobalIDString = 3B0CB4CA2FD23F1E00D8E3A5;
			remoteInfo = Mai;
		};
/* End PBXContainerItemProxy section */

/* Begin PBXFileReference section */
		3B0CB4CB2FD23F1E00D8E3A5 /* Mai.app */ = {isa = PBXFileReference; explicitFileType = wrapper.application; includeInIndex = 0; path = Mai.app; sourceTree = BUILT_PRODUCTS_DIR; };
		3B0CB4DB2FD23F2000D8E3A5 /* MaiTests.xctest */ = {isa = PBXFileReference; explicitFileType = wrapper.cfbundle; includeInIndex = 0; path = MaiTests.xctest; sourceTree = BUILT_PRODUCTS_DIR; };
		3B0CB4E52FD23F2000D8E3A5 /* MaiUITests.xctest */ = {isa = PBXFileReference; explicitFileType = wrapper.cfbundle; includeInIndex = 0; path = MaiUITests.xctest; sourceTree = BUILT_PRODUCTS_DIR; };
/* End PBXFileReference section */

/* Begin PBXFileSystemSynchronizedRootGroup section */
		3B0CB4CD2FD23F1E00D8E3A5 /* Mai */ = {
			isa = PBXFileSystemSynchronizedRootGroup;
			path = Mai;
			sourceTree = "<group>";
		};
		3B0CB4DE2FD23F2000D8E3A5 /* MaiTests */ = {
			isa = PBXFileSystemSynchronizedRootGroup;
			path = MaiTests;
			sourceTree = "<group>";
		};
		3B0CB4E82FD23F2000D8E3A5 /* MaiUITests */ = {
			isa = PBXFileSystemSynchronizedRootGroup;
			path = MaiUITests;
			sourceTree = "<group>";
		};
/* End PBXFileSystemSynchronizedRootGroup section */

/* Begin PBXFrameworksBuildPhase section */
		3B0CB4C82FD23F1E00D8E3A5 /* Frameworks */ = {
			isa = PBXFrameworksBuildPhase;
			buildActionMask = 2147483647;
			files = (
			);
			runOnlyForDeploymentPostprocessing = 0;
		};
		3B0CB4D82FD23F2000D8E3A5 /* Frameworks */ = {
			isa = PBXFrameworksBuildPhase;
			buildActionMask = 2147483647;
			files = (
			);
			runOnlyForDeploymentPostprocessing = 0;
		};
		3B0CB4E22FD23F2000D8E3A5 /* Frameworks */ = {
			isa = PBXFrameworksBuildPhase;
			buildActionMask = 2147483647;
			files = (
			);
			runOnlyForDeploymentPostprocessing = 0;
		};
/* End PBXFrameworksBuildPhase section */

/* Begin PBXGroup section */
		3B0CB4C22FD23F1E00D8E3A5 = {
			isa = PBXGroup;
			children = (
				3B0CB4CD2FD23F1E00D8E3A5 /* Mai */,
				3B0CB4DE2FD23F2000D8E3A5 /* MaiTests */,
				3B0CB4E82FD23F2000D8E3A5 /* MaiUITests */,
				3B0CB4CC2FD23F1E00D8E3A5 /* Products */,
			);
			sourceTree = "<group>";
		};
		3B0CB4CC2FD23F1E00D8E3A5 /* Products */ = {
			isa = PBXGroup;
			children = (
				3B0CB4CB2FD23F1E00D8E3A5 /* Mai.app */,
				3B0CB4DB2FD23F2000D8E3A5 /* MaiTests.xctest */,
				3B0CB4E52FD23F2000D8E3A5 /* MaiUITests.xctest */,
			);
			name = Products;
			sourceTree = "<group>";
		};
/* End PBXGroup section */

/* Begin PBXNativeTarget section */
		3B0CB4CA2FD23F1E00D8E3A5 /* Mai */ = {
			isa = PBXNativeTarget;
			buildConfigurationList = 3B0CB4EF2FD23F2000D8E3A5 /* Build configuration list for PBXNativeTarget "Mai" */;
			buildPhases = (
				3B0CB4C72FD23F1E00D8E3A5 /* Sources */,
				3B0CB4C82FD23F1E00D8E3A5 /* Frameworks */,
				3B0CB4C92FD23F1E00D8E3A5 /* Resources */,
			);
			buildRules = (
			);
			dependencies = (
			);
			fileSystemSynchronizedGroups = (
				3B0CB4CD2FD23F1E00D8E3A5 /* Mai */,
			);
			name = Mai;
			packageProductDependencies = (
			);
			productName = Mai;
			productReference = 3B0CB4CB2FD23F1E00D8E3A5 /* Mai.app */;
			productType = "com.apple.product-type.application";
		};
		3B0CB4DA2FD23F2000D8E3A5 /* MaiTests */ = {
			isa = PBXNativeTarget;
			buildConfigurationList = 3B0CB4F22FD23F2000D8E3A5 /* Build configuration list for PBXNativeTarget "MaiTests" */;
			buildPhases = (
				3B0CB4D72FD23F2000D8E3A5 /* Sources */,
				3B0CB4D82FD23F2000D8E3A5 /* Frameworks */,
				3B0CB4D92FD23F2000D8E3A5 /* Resources */,
			);
			buildRules = (
			);
			dependencies = (
				3B0CB4DD2FD23F2000D8E3A5 /* PBXTargetDependency */,
			);
			fileSystemSynchronizedGroups = (
				3B0CB4DE2FD23F2000D8E3A5 /* MaiTests */,
			);
			name = MaiTests;
			packageProductDependencies = (
			);
			productName = MaiTests;
			productReference = 3B0CB4DB2FD23F2000D8E3A5 /* MaiTests.xctest */;
			productType = "com.apple.product-type.bundle.unit-test";
		};
		3B0CB4E42FD23F2000D8E3A5 /* MaiUITests */ = {
			isa = PBXNativeTarget;
			buildConfigurationList = 3B0CB4F52FD23F2000D8E3A5 /* Build configuration list for PBXNativeTarget "MaiUITests" */;
			buildPhases = (
				3B0CB4E12FD23F2000D8E3A5 /* Sources */,
				3B0CB4E22FD23F2000D8E3A5 /* Frameworks */,
				3B0CB4E32FD23F2000D8E3A5 /* Resources */,
			);
			buildRules = (
			);
			dependencies = (
				3B0CB4E72FD23F2000D8E3A5 /* PBXTargetDependency */,
			);
			fileSystemSynchronizedGroups = (
				3B0CB4E82FD23F2000D8E3A5 /* MaiUITests */,
			);
			name = MaiUITests;
			packageProductDependencies = (
			);
			productName = MaiUITests;
			productReference = 3B0CB4E52FD23F2000D8E3A5 /* MaiUITests.xctest */;
			productType = "com.apple.product-type.bundle.ui-testing";
		};
/* End PBXNativeTarget section */

/* Begin PBXProject section */
		3B0CB4C32FD23F1E00D8E3A5 /* Project object */ = {
			isa = PBXProject;
			attributes = {
				BuildIndependentTargetsInParallel = 1;
				LastSwiftUpdateCheck = 1600;
				LastUpgradeCheck = 1600;
				TargetAttributes = {
					3B0CB4CA2FD23F1E00D8E3A5 = {
						CreatedOnToolsVersion = 16.0;
					};
					3B0CB4DA2FD23F2000D8E3A5 = {
						CreatedOnToolsVersion = 16.0;
						TestTargetID = 3B0CB4CA2FD23F1E00D8E3A5;
					};
					3B0CB4E42FD23F2000D8E3A5 = {
						CreatedOnToolsVersion = 16.0;
						TestTargetID = 3B0CB4CA2FD23F1E00D8E3A5;
					};
				};
			};
			buildConfigurationList = 3B0CB4C62FD23F1E00D8E3A5 /* Build configuration list for PBXProject "Mai" */;
			developmentRegion = en;
			hasScannedForEncodings = 0;
			knownRegions = (
				en,
				Base,
			);
			mainGroup = 3B0CB4C22FD23F1E00D8E3A5;
			minimizedProjectReferenceProxies = 1;
			preferredProjectObjectVersion = 77;
			productRefGroup = 3B0CB4CC2FD23F1E00D8E3A5 /* Products */;
			projectDirPath = "";
			projectRoot = "";
			targets = (
				3B0CB4CA2FD23F1E00D8E3A5 /* Mai */,
				3B0CB4DA2FD23F2000D8E3A5 /* MaiTests */,
				3B0CB4E42FD23F2000D8E3A5 /* MaiUITests */,
			);
		};
/* End PBXProject section */

/* Begin PBXResourcesBuildPhase section */
		3B0CB4C92FD23F1E00D8E3A5 /* Resources */ = {
			isa = PBXResourcesBuildPhase;
			buildActionMask = 2147483647;
			files = (
			);
			runOnlyForDeploymentPostprocessing = 0;
		};
		3B0CB4D92FD23F2000D8E3A5 /* Resources */ = {
			isa = PBXResourcesBuildPhase;
			buildActionMask = 2147483647;
			files = (
			);
			runOnlyForDeploymentPostprocessing = 0;
		};
		3B0CB4E32FD23F2000D8E3A5 /* Resources */ = {
			isa = PBXResourcesBuildPhase;
			buildActionMask = 2147483647;
			files = (
			);
			runOnlyForDeploymentPostprocessing = 0;
		};
/* End PBXResourcesBuildPhase section */

/* Begin PBXSourcesBuildPhase section */
		3B0CB4C72FD23F1E00D8E3A5 /* Sources */ = {
			isa = PBXSourcesBuildPhase;
			buildActionMask = 2147483647;
			files = (
			);
			runOnlyForDeploymentPostprocessing = 0;
		};
		3B0CB4D72FD23F2000D8E3A5 /* Sources */ = {
			isa = PBXSourcesBuildPhase;
			buildActionMask = 2147483647;
			files = (
			);
			runOnlyForDeploymentPostprocessing = 0;
		};
		3B0CB4E12FD23F2000D8E3A5 /* Sources */ = {
			isa = PBXSourcesBuildPhase;
			buildActionMask = 2147483647;
			files = (
			);
			runOnlyForDeploymentPostprocessing = 0;
		};
/* End PBXSourcesBuildPhase section */

/* Begin PBXTargetDependency section */
		3B0CB4DD2FD23F2000D8E3A5 /* PBXTargetDependency */ = {
			isa = PBXTargetDependency;
			target = 3B0CB4CA2FD23F1E00D8E3A5 /* Mai */;
			targetProxy = 3B0CB4DC2FD23F2000D8E3A5 /* PBXContainerItemProxy */;
		};
		3B0CB4E72FD23F2000D8E3A5 /* PBXTargetDependency */ = {
			isa = PBXTargetDependency;
			target = 3B0CB4CA2FD23F1E00D8E3A5 /* Mai */;
			targetProxy = 3B0CB4E62FD23F2000D8E3A5 /* PBXContainerItemProxy */;
		};
/* End PBXTargetDependency section */

/* Begin XCBuildConfiguration section */
		3B0CB4ED2FD23F2000D8E3A5 /* Debug */ = {
			isa = XCBuildConfiguration;
			buildSettings = {
				ALWAYS_SEARCH_USER_PATHS = NO;
				ASSETCATALOG_COMPILER_GENERATE_SWIFT_ASSET_SYMBOL_EXTENSIONS = YES;
				CLANG_ANALYZER_NONNULL = YES;
				CLANG_ANALYZER_NUMBER_OBJECT_CONVERSION = YES_AGGRESSIVE;
				CLANG_CXX_LANGUAGE_STANDARD = "gnu++20";
				CLANG_ENABLE_MODULES = YES;
				CLANG_ENABLE_OBJC_ARC = YES;
				CLANG_ENABLE_OBJC_WEAK = YES;
				CLANG_WARN_BLOCK_CAPTURE_AUTORELEASING = YES;
				CLANG_WARN_BOOL_CONVERSION = YES;
				CLANG_WARN_COMMA = YES;
				CLANG_WARN_CONSTANT_CONVERSION = YES;
				CLANG_WARN_DEPRECATED_OBJC_IMPLEMENTATIONS = YES;
				CLANG_WARN_DIRECT_OBJC_ISA_USAGE = YES_ERROR;
				CLANG_WARN_DOCUMENTATION_COMMENTS = YES;
				CLANG_WARN_EMPTY_BODY = YES;
				CLANG_WARN_ENUM_CONVERSION = YES;
				CLANG_WARN_INFINITE_RECURSION = YES;
				CLANG_WARN_INT_CONVERSION = YES;
				CLANG_WARN_NON_LITERAL_NULL_CONVERSION = YES;
				CLANG_WARN_OBJC_IMPLICIT_RETAIN_SELF = YES;
				CLANG_WARN_OBJC_LITERAL_CONVERSION = YES;
				CLANG_WARN_OBJC_ROOT_CLASS = YES_ERROR;
				CLANG_WARN_QUOTED_INCLUDE_IN_FRAMEWORK_HEADER = YES;
				CLANG_WARN_RANGE_LOOP_ANALYSIS = YES;
				CLANG_WARN_STRICT_PROTOTYPES = YES;
				CLANG_WARN_SUSPICIOUS_MOVE = YES;
				CLANG_WARN_UNGUARDED_AVAILABILITY = YES_AGGRESSIVE;
				CLANG_WARN_UNREACHABLE_CODE = YES;
				CLANG_WARN__DUPLICATE_METHOD_MATCH = YES;
				COPY_PHASE_STRIP = NO;
				DEBUG_INFORMATION_FORMAT = dwarf;
				ENABLE_STRICT_OBJC_MSGSEND = YES;
				ENABLE_TESTABILITY = YES;
				ENABLE_USER_SCRIPT_SANDBOXING = YES;
				GCC_C_LANGUAGE_STANDARD = gnu17;
				GCC_DYNAMIC_NO_PIC = NO;
				GCC_NO_COMMON_BLOCKS = YES;
				GCC_OPTIMIZATION_LEVEL = 0;
				GCC_PREPROCESSOR_DEFINITIONS = (
					"DEBUG=1",
					"$(inherited)",
				);
				GCC_WARN_64_TO_32_BIT_CONVERSION = YES;
				GCC_WARN_ABOUT_RETURN_TYPE = YES_ERROR;
				GCC_WARN_UNDECLARED_SELECTOR = YES;
				GCC_WARN_UNINITIALIZED_AUTOS = YES_AGGRESSIVE;
				GCC_WARN_UNUSED_FUNCTION = YES;
				GCC_WARN_UNUSED_VARIABLE = YES;
				IPHONEOS_DEPLOYMENT_TARGET = 18.0;
				LOCALIZATION_PREFERS_STRING_CATALOGS = YES;
				MTL_ENABLE_DEBUG_INFO = INCLUDE_SOURCE;
				MTL_FAST_MATH = YES;
				ONLY_ACTIVE_ARCH = YES;
				SDKROOT = iphoneos;
				SWIFT_ACTIVE_COMPILATION_CONDITIONS = "DEBUG $(inherited)";
				SWIFT_OPTIMIZATION_LEVEL = "-Onone";
			};
			name = Debug;
		};
		3B0CB4EE2FD23F2000D8E3A5 /* Release */ = {
			isa = XCBuildConfiguration;
			buildSettings = {
				ALWAYS_SEARCH_USER_PATHS = NO;
				ASSETCATALOG_COMPILER_GENERATE_SWIFT_ASSET_SYMBOL_EXTENSIONS = YES;
				CLANG_ANALYZER_NONNULL = YES;
				CLANG_ANALYZER_NUMBER_OBJECT_CONVERSION = YES_AGGRESSIVE;
				CLANG_CXX_LANGUAGE_STANDARD = "gnu++20";
				CLANG_ENABLE_MODULES = YES;
				CLANG_ENABLE_OBJC_ARC = YES;
				CLANG_ENABLE_OBJC_WEAK = YES;
				CLANG_WARN_BLOCK_CAPTURE_AUTORELEASING = YES;
				CLANG_WARN_BOOL_CONVERSION = YES;
				CLANG_WARN_COMMA = YES;
				CLANG_WARN_CONSTANT_CONVERSION = YES;
				CLANG_WARN_DEPRECATED_OBJC_IMPLEMENTATIONS = YES;
				CLANG_WARN_DIRECT_OBJC_ISA_USAGE = YES_ERROR;
				CLANG_WARN_DOCUMENTATION_COMMENTS = YES;
				CLANG_WARN_EMPTY_BODY = YES;
				CLANG_WARN_ENUM_CONVERSION = YES;
				CLANG_WARN_INFINITE_RECURSION = YES;
				CLANG_WARN_INT_CONVERSION = YES;
				CLANG_WARN_NON_LITERAL_NULL_CONVERSION = YES;
				CLANG_WARN_OBJC_IMPLICIT_RETAIN_SELF = YES;
				CLANG_WARN_OBJC_LITERAL_CONVERSION = YES;
				CLANG_WARN_OBJC_ROOT_CLASS = YES_ERROR;
				CLANG_WARN_QUOTED_INCLUDE_IN_FRAMEWORK_HEADER = YES;
				CLANG_WARN_RANGE_LOOP_ANALYSIS = YES;
				CLANG_WARN_STRICT_PROTOTYPES = YES;
				CLANG_WARN_SUSPICIOUS_MOVE = YES;
				CLANG_WARN_UNGUARDED_AVAILABILITY = YES_AGGRESSIVE;
				CLANG_WARN_UNREACHABLE_CODE = YES;
				CLANG_WARN__DUPLICATE_METHOD_MATCH = YES;
				COPY_PHASE_STRIP = NO;
				DEBUG_INFORMATION_FORMAT = "dwarf-with-dsym";
				ENABLE_NS_ASSERTIONS = NO;
				ENABLE_STRICT_OBJC_MSGSEND = YES;
				ENABLE_USER_SCRIPT_SANDBOXING = YES;
				GCC_C_LANGUAGE_STANDARD = gnu17;
				GCC_NO_COMMON_BLOCKS = YES;
				GCC_WARN_64_TO_32_BIT_CONVERSION = YES;
				GCC_WARN_ABOUT_RETURN_TYPE = YES_ERROR;
				GCC_WARN_UNDECLARED_SELECTOR = YES;
				GCC_WARN_UNINITIALIZED_AUTOS = YES_AGGRESSIVE;
				GCC_WARN_UNUSED_FUNCTION = YES;
				GCC_WARN_UNUSED_VARIABLE = YES;
				IPHONEOS_DEPLOYMENT_TARGET = 18.0;
				LOCALIZATION_PREFERS_STRING_CATALOGS = YES;
				MTL_ENABLE_DEBUG_INFO = NO;
				MTL_FAST_MATH = YES;
				SDKROOT = iphoneos;
				SWIFT_COMPILATION_MODE = wholemodule;
				VALIDATE_PRODUCT = YES;
			};
			name = Release;
		};
		3B0CB4F02FD23F2000D8E3A5 /* Debug */ = {
			isa = XCBuildConfiguration;
			buildSettings = {
				ASSETCATALOG_COMPILER_APPICON_NAME = AppIcon;
				ASSETCATALOG_COMPILER_GLOBAL_ACCENT_COLOR_NAME = AccentColor;
				CODE_SIGN_STYLE = Automatic;
				CURRENT_PROJECT_VERSION = 1;
				DEVELOPMENT_ASSET_PATHS = "\"Mai/Preview Content\"";
				DEVELOPMENT_TEAM = 9FF624UXK6;
				ENABLE_PREVIEWS = YES;
				GENERATE_INFOPLIST_FILE = YES;
				INFOPLIST_KEY_UIApplicationSceneManifest_Generation = YES;
				INFOPLIST_KEY_UIApplicationSupportsIndirectInputEvents = YES;
				INFOPLIST_KEY_UILaunchScreen_Generation = YES;
				INFOPLIST_KEY_UISupportedInterfaceOrientations_iPad = "UIInterfaceOrientationPortrait UIInterfaceOrientationPortraitUpsideDown UIInterfaceOrientationLandscapeLeft UIInterfaceOrientationLandscapeRight";
				INFOPLIST_KEY_UISupportedInterfaceOrientations_iPhone = "UIInterfaceOrientationPortrait UIInterfaceOrientationLandscapeLeft UIInterfaceOrientationLandscapeRight";
				LD_RUNPATH_SEARCH_PATHS = (
					"$(inherited)",
					"@executable_path/Frameworks",
				);
				MARKETING_VERSION = 1.0;
				PRODUCT_BUNDLE_IDENTIFIER = com.gioi.Mai;
				PRODUCT_NAME = "$(TARGET_NAME)";
				SWIFT_EMIT_LOC_STRINGS = YES;
				SWIFT_VERSION = 5.0;
				TARGETED_DEVICE_FAMILY = "1,2";
			};
			name = Debug;
		};
		3B0CB4F12FD23F2000D8E3A5 /* Release */ = {
			isa = XCBuildConfiguration;
			buildSettings = {
				ASSETCATALOG_COMPILER_APPICON_NAME = AppIcon;
				ASSETCATALOG_COMPILER_GLOBAL_ACCENT_COLOR_NAME = AccentColor;
				CODE_SIGN_STYLE = Automatic;
				CURRENT_PROJECT_VERSION = 1;
				DEVELOPMENT_ASSET_PATHS = "\"Mai/Preview Content\"";
				DEVELOPMENT_TEAM = 9FF624UXK6;
				ENABLE_PREVIEWS = YES;
				GENERATE_INFOPLIST_FILE = YES;
				INFOPLIST_KEY_UIApplicationSceneManifest_Generation = YES;
				INFOPLIST_KEY_UIApplicationSupportsIndirectInputEvents = YES;
				INFOPLIST_KEY_UILaunchScreen_Generation = YES;
				INFOPLIST_KEY_UISupportedInterfaceOrientations_iPad = "UIInterfaceOrientationPortrait UIInterfaceOrientationPortraitUpsideDown UIInterfaceOrientationLandscapeLeft UIInterfaceOrientationLandscapeRight";
				INFOPLIST_KEY_UISupportedInterfaceOrientations_iPhone = "UIInterfaceOrientationPortrait UIInterfaceOrientationLandscapeLeft UIInterfaceOrientationLandscapeRight";
				LD_RUNPATH_SEARCH_PATHS = (
					"$(inherited)",
					"@executable_path/Frameworks",
				);
				MARKETING_VERSION = 1.0;
				PRODUCT_BUNDLE_IDENTIFIER = com.gioi.Mai;
				PRODUCT_NAME = "$(TARGET_NAME)";
				SWIFT_EMIT_LOC_STRINGS = YES;
				SWIFT_VERSION = 5.0;
				TARGETED_DEVICE_FAMILY = "1,2";
			};
			name = Release;
		};
		3B0CB4F32FD23F2000D8E3A5 /* Debug */ = {
			isa = XCBuildConfiguration;
			buildSettings = {
				BUNDLE_LOADER = "$(TEST_HOST)";
				CODE_SIGN_STYLE = Automatic;
				CURRENT_PROJECT_VERSION = 1;
				DEVELOPMENT_TEAM = 9FF624UXK6;
				GENERATE_INFOPLIST_FILE = YES;
				IPHONEOS_DEPLOYMENT_TARGET = 18.0;
				MARKETING_VERSION = 1.0;
				PRODUCT_BUNDLE_IDENTIFIER = com.gioi.MaiTests;
				PRODUCT_NAME = "$(TARGET_NAME)";
				SWIFT_EMIT_LOC_STRINGS = NO;
				SWIFT_VERSION = 5.0;
				TARGETED_DEVICE_FAMILY = "1,2";
				TEST_HOST = "$(BUILT_PRODUCTS_DIR)/Mai.app/$(BUNDLE_EXECUTABLE_FOLDER_PATH)/Mai";
			};
			name = Debug;
		};
		3B0CB4F42FD23F2000D8E3A5 /* Release */ = {
			isa = XCBuildConfiguration;
			buildSettings = {
				BUNDLE_LOADER = "$(TEST_HOST)";
				CODE_SIGN_STYLE = Automatic;
				CURRENT_PROJECT_VERSION = 1;
				DEVELOPMENT_TEAM = 9FF624UXK6;
				GENERATE_INFOPLIST_FILE = YES;
				IPHONEOS_DEPLOYMENT_TARGET = 18.0;
				MARKETING_VERSION = 1.0;
				PRODUCT_BUNDLE_IDENTIFIER = com.gioi.MaiTests;
				PRODUCT_NAME = "$(TARGET_NAME)";
				SWIFT_EMIT_LOC_STRINGS = NO;
				SWIFT_VERSION = 5.0;
				TARGETED_DEVICE_FAMILY = "1,2";
				TEST_HOST = "$(BUILT_PRODUCTS_DIR)/Mai.app/$(BUNDLE_EXECUTABLE_FOLDER_PATH)/Mai";
			};
			name = Release;
		};
		3B0CB4F62FD23F2000D8E3A5 /* Debug */ = {
			isa = XCBuildConfiguration;
			buildSettings = {
				CODE_SIGN_STYLE = Automatic;
				CURRENT_PROJECT_VERSION = 1;
				DEVELOPMENT_TEAM = 9FF624UXK6;
				GENERATE_INFOPLIST_FILE = YES;
				MARKETING_VERSION = 1.0;
				PRODUCT_BUNDLE_IDENTIFIER = com.gioi.MaiUITests;
				PRODUCT_NAME = "$(TARGET_NAME)";
				SWIFT_EMIT_LOC_STRINGS = NO;
				SWIFT_VERSION = 5.0;
				TARGETED_DEVICE_FAMILY = "1,2";
				TEST_TARGET_NAME = Mai;
			};
			name = Debug;
		};
		3B0CB4F72FD23F2000D8E3A5 /* Release */ = {
			isa = XCBuildConfiguration;
			buildSettings = {
				CODE_SIGN_STYLE = Automatic;
				CURRENT_PROJECT_VERSION = 1;
				DEVELOPMENT_TEAM = 9FF624UXK6;
				GENERATE_INFOPLIST_FILE = YES;
				MARKETING_VERSION = 1.0;
				PRODUCT_BUNDLE_IDENTIFIER = com.gioi.MaiUITests;
				PRODUCT_NAME = "$(TARGET_NAME)";
				SWIFT_EMIT_LOC_STRINGS = NO;
				SWIFT_VERSION = 5.0;
				TARGETED_DEVICE_FAMILY = "1,2";
				TEST_TARGET_NAME = Mai;
			};
			name = Release;
		};
/* End XCBuildConfiguration section */

/* Begin XCConfigurationList section */
		3B0CB4C62FD23F1E00D8E3A5 /* Build configuration list for PBXProject "Mai" */ = {
			isa = XCConfigurationList;
			buildConfigurations = (
				3B0CB4ED2FD23F2000D8E3A5 /* Debug */,
				3B0CB4EE2FD23F2000D8E3A5 /* Release */,
			);
			defaultConfigurationIsVisible = 0;
			defaultConfigurationName = Release;
		};
		3B0CB4EF2FD23F2000D8E3A5 /* Build configuration list for PBXNativeTarget "Mai" */ = {
			isa = XCConfigurationList;
			buildConfigurations = (
				3B0CB4F02FD23F2000D8E3A5 /* Debug */,
				3B0CB4F12FD23F2000D8E3A5 /* Release */,
			);
			defaultConfigurationIsVisible = 0;
			defaultConfigurationName = Release;
		};
		3B0CB4F22FD23F2000D8E3A5 /* Build configuration list for PBXNativeTarget "MaiTests" */ = {
			isa = XCConfigurationList;
			buildConfigurations = (
				3B0CB4F32FD23F2000D8E3A5 /* Debug */,
				3B0CB4F42FD23F2000D8E3A5 /* Release */,
			);
			defaultConfigurationIsVisible = 0;
			defaultConfigurationName = Release;
		};
		3B0CB4F52FD23F2000D8E3A5 /* Build configuration list for PBXNativeTarget "MaiUITests" */ = {
			isa = XCConfigurationList;
			buildConfigurations = (
				3B0CB4F62FD23F2000D8E3A5 /* Debug */,
				3B0CB4F72FD23F2000D8E3A5 /* Release */,
			);
			defaultConfigurationIsVisible = 0;
			defaultConfigurationName = Release;
		};
/* End XCConfigurationList section */
	};
	rootObject = 3B0CB4C32FD23F1E00D8E3A5 /* Project object */;
}
